
Microsoft Visual Studio Solution File, Format Version 12.00
# Visual Studio Version 16
VisualStudioVersion = 16.0.32510.428
MinimumVisualStudioVersion = 10.0.40219.1
Project("{FAE04EC0-301F-11D3-BF4B-00C04F79EFBC}") = "4.18homework", "4.18homework\4.18homework.csproj", "{440C9F82-5A3A-4F17-B9D8-221C8FB28283}"
EndProject
Global
	GlobalSection(SolutionConfigurationPlatforms) = preSolution
		Debug|Any CPU = Debug|Any CPU
		Release|Any CPU = Release|Any CPU
	EndGlobalSection
	GlobalSection(ProjectConfigurationPlatforms) = postSolution
		{440C9F82-5A3A-4F17-B9D8-221C8FB28283}.Debug|Any CPU.ActiveCfg = Debug|Any CPU
		{440C9F82-5A3A-4F17-B9D8-221C8FB28283}.Debug|Any CPU.Build.0 = Debug|Any CPU
		{440C9F82-5A3A-4F17-B9D8-221C8FB28283}.Release|Any CPU.ActiveCfg = Release|Any CPU
		{440C9F82-5A3A-4F17-B9D8-221C8FB28283}.Release|Any CPU.Build.0 = Release|Any CPU
	EndGlobalSection
	GlobalSection(SolutionProperties) = preSolution
		HideSolutionNode = FALSE
	EndGlobalSection
	GlobalSection(ExtensibilityGlobals) = postSolution
		SolutionGuid = {2DC66782-3EB1-4D63-806C-AEFAFACF742E}
	EndGlobalSection
EndGlobal
